
Microsoft Visual Studio Solution File, Format Version 12.00
# Visual Studio Version 17
VisualStudioVersion = 17.7.34031.279
MinimumVisualStudioVersion = 10.0.40219.1
Project("{9A19103F-16F7-4668-BE54-9A1E7A4F7556}") = "TIN_Project.Server", "Server\TIN_Project.Server.csproj", "{A59A8F00-5EE4-4379-A410-37660F4828F5}"
EndProject
Project("{9A19103F-16F7-4668-BE54-9A1E7A4F7556}") = "TIN_Project.Client", "Client\TIN_Project.Client.csproj", "{4F3E5D89-3490-458F-AD81-95DC414EF9AF}"
EndProject
Project("{9A19103F-16F7-4668-BE54-9A1E7A4F7556}") = "TIN_Project.Shared", "Shared\TIN_Project.Shared.csproj", "{74C9AEFD-119E-4079-88C3-A282BB20BE37}"
EndProject
Global
	GlobalSection(SolutionConfigurationPlatforms) = preSolution
		Debug|Any CPU = Debug|Any CPU
		Release|Any CPU = Release|Any CPU
	EndGlobalSection
	GlobalSection(ProjectConfigurationPlatforms) = postSolution
		{A59A8F00-5EE4-4379-A410-37660F4828F5}.Debug|Any CPU.ActiveCfg = Debug|Any CPU
		{A59A8F00-5EE4-4379-A410-37660F4828F5}.Debug|Any CPU.Build.0 = Debug|Any CPU
		{A59A8F00-5EE4-4379-A410-37660F4828F5}.Release|Any CPU.ActiveCfg = Release|Any CPU
		{A59A8F00-5EE4-4379-A410-37660F4828F5}.Release|Any CPU.Build.0 = Release|Any CPU
		{4F3E5D89-3490-458F-AD81-95DC414EF9AF}.Debug|Any CPU.ActiveCfg = Debug|Any CPU
		{4F3E5D89-3490-458F-AD81-95DC414EF9AF}.Debug|Any CPU.Build.0 = Debug|Any CPU
		{4F3E5D89-3490-458F-AD81-95DC414EF9AF}.Release|Any CPU.ActiveCfg = Release|Any CPU
		{4F3E5D89-3490-458F-AD81-95DC414EF9AF}.Release|Any CPU.Build.0 = Release|Any CPU
		{74C9AEFD-119E-4079-88C3-A282BB20BE37}.Debug|Any CPU.ActiveCfg = Debug|Any CPU
		{74C9AEFD-119E-4079-88C3-A282BB20BE37}.Debug|Any CPU.Build.0 = Debug|Any CPU
		{74C9AEFD-119E-4079-88C3-A282BB20BE37}.Release|Any CPU.ActiveCfg = Release|Any CPU
		{74C9AEFD-119E-4079-88C3-A282BB20BE37}.Release|Any CPU.Build.0 = Release|Any CPU
	EndGlobalSection
	GlobalSection(SolutionProperties) = preSolution
		HideSolutionNode = FALSE
	EndGlobalSection
	GlobalSection(ExtensibilityGlobals) = postSolution
		SolutionGuid = {9D421786-C4E9-40D8-A189-8FA289409876}
	EndGlobalSection
EndGlobal
